<?xml version="1.0" encoding="utf-8"?>
<Project ToolsVersion="4.0" xmlns="http://schemas.microsoft.com/developer/msbuild/2003">
  <ItemGroup>
    <Filter Include="Header Files">
      <UniqueIdentifier>{93995380-89BD-4b04-88EB-625FBE52EBFB}</UniqueIdentifier>
      <Extensions>h;hh;hpp;hxx;h++;hm;inl;inc;ipp;xsd</Extensions>
    </Filter>
    <Filter Include="Resource Files">
      <UniqueIdentifier>{67DA6AB6-F800-4c08-8B7A-83BB121AAD01}</UniqueIdentifier>
      <Extensions>rc;ico;cur;bmp;dlg;rc2;rct;bin;rgs;gif;jpg;jpeg;jpe;resx;tiff;tif;png;wav;mfcribbon-ms</Extensions>
    </Filter>
    <Filter Include="Source Files">
      <UniqueIdentifier>{4FC737F1-C7A5-4376-A066-2A32D752A2FF}</UniqueIdentifier>
      <Extensions>cpp;c;cc;cxx;c++;cppm;ixx;def;odl;idl;hpj;bat;asm;asmx</Extensions>
    </Filter>
    <Filter Include="ECS">
      <UniqueIdentifier>{b4cf9acf-d409-4a8e-99c9-39d6bf44c5dd}</UniqueIdentifier>
    </Filter>
    <Filter Include="Source Files\Audio">
      <UniqueIdentifier>{befb3e28-63a0-4b69-a4e6-fe536efe4b1e}</UniqueIdentifier>
    </Filter>
    <Filter Include="Source Files\GameObjectsCreation">
      <UniqueIdentifier>{dc136e24-1df5-456a-b19e-c2caee899a9c}</UniqueIdentifier>
    </Filter>
  </ItemGroup>
  <ItemGroup>
    <ClCompile Include="main.cpp">
      <Filter>Source Files</Filter>
    </ClCompile>
    <ClCompile Include="Game.cpp">
      <Filter>Source Files</Filter>
    </ClCompile>
    <ClCompile Include="UIManager.cpp">
      <Filter>Source Files</Filter>
    </ClCompile>
    <ClCompile Include="Scene.cpp">
      <Filter>Source Files</Filter>
    </ClCompile>
    <ClCompile Include="Entity.cpp">
      <Filter>Source Files</Filter>
    </ClCompile>
    <ClCompile Include="AudioManager.cpp">
      <Filter>Source Files\Audio</Filter>
    </ClCompile>
    <ClCompile Include="RespawnObjectsManager.cpp">
      <Filter>Source Files\GameObjectsCreation</Filter>
    </ClCompile>
    <ClCompile Include="CreateObjectsManager.cpp">
      <Filter>Source Files\GameObjectsCreation</Filter>
    </ClCompile>
  </ItemGroup>
  <ItemGroup>
    <ClInclude Include="Game.h">
      <Filter>Header Files</Filter>
    </ClInclude>
    <ClInclude Include="entt.hpp">
      <Filter>ECS</Filter>
    </ClInclude>
    <ClInclude Include="UIManager.h">
      <Filter>Header Files</Filter>
    </ClInclude>
    <ClInclude Include="Entity.h">
      <Filter>ECS</Filter>
    </ClInclude>
    <ClInclude Include="Components.h">
      <Filter>ECS</Filter>
    </ClInclude>
    <ClInclude Include="Scene.h">
      <Filter>ECS</Filter>
    </ClInclude>
    <ClInclude Include="AudioManager.h">
      <Filter>Source Files\Audio</Filter>
    </ClInclude>
    <ClInclude Include="RespawnObjectsManager.h">
      <Filter>Source Files\GameObjectsCreation</Filter>
    </ClInclude>
    <ClInclude Include="CreateObjectsManager.h">
      <Filter>Source Files\GameObjectsCreation</Filter>
    </ClInclude>
  </ItemGroup>
  <ItemGroup>
    <Image Include="images\backgroundWide.png">
      <Filter>Resource Files</Filter>
    </Image>
    <Image Include="images\bullet.png">
      <Filter>Resource Files</Filter>
    </Image>
    <Image Include="images\enemy.png">
      <Filter>Resource Files</Filter>
    </Image>
    <Image Include="images\player.png">
      <Filter>Resource Files</Filter>
    </Image>
  </ItemGroup>
</Project>